# THIS IS AN AUTOGENERATED FILE. DO NOT EDIT THIS FILE DIRECTLY.
# yarn lockfile v1


"@types/node@*":
  version "14.11.2"
  resolved "https://registry.yarnpkg.com/@types/node/-/node-14.11.2.tgz#2de1ed6670439387da1c9f549a2ade2b0a799256"
  integrity sha512-jiE3QIxJ8JLNcb1Ps6rDbysDhN4xa8DJJvuC9prr6w+1tIh+QAbYyNF3tyiZNLDBIuBCf4KEcV2UvQm/V60xfA==

"@types/ws@^7.2.6":
  version "7.2.6"
  resolved "https://registry.yarnpkg.com/@types/ws/-/ws-7.2.6.tgz#516cbfb818310f87b43940460e065eb912a4178d"
  integrity sha512-Q07IrQUSNpr+cXU4E4LtkSIBPie5GLZyyMC1QtQYRLWz701+XcoVygGUZgvLqElq1nU4ICldMYPnexlBsg3dqQ==
  dependencies:
    "@types/node" "*"

easy-stack@^1.0.0:
  version "1.0.0"
  resolved "https://registry.yarnpkg.com/easy-stack/-/easy-stack-1.0.0.tgz#12c91b3085a37f0baa336e9486eac4bf94e3e788"
  integrity sha1-EskbMIWjfwuqM26UhurEv5Tj54g=

event-pubsub@4.3.0:
  version "4.3.0"
  resolved "https://registry.yarnpkg.com/event-pubsub/-/event-pubsub-4.3.0.tgz#f68d816bc29f1ec02c539dc58c8dd40ce72cb36e"
  integrity sha512-z7IyloorXvKbFx9Bpie2+vMJKKx1fH1EN5yiTfp8CiLOTptSYy1g8H4yDpGlEdshL1PBiFtBHepF2cNsqeEeFQ==

js-message@1.0.5:
  version "1.0.5"
  resolved "https://registry.yarnpkg.com/js-message/-/js-message-1.0.5.tgz#2300d24b1af08e89dd095bc1a4c9c9cfcb892d15"
  integrity sha1-IwDSSxrwjondCVvBpMnJz8uJLRU=

js-queue@2.0.0:
  version "2.0.0"
  resolved "https://registry.yarnpkg.com/js-queue/-/js-queue-2.0.0.tgz#362213cf860f468f0125fc6c96abc1742531f948"
  integrity sha1-NiITz4YPRo8BJfxslqvBdCUx+Ug=
  dependencies:
    easy-stack "^1.0.0"

node-ipc@^9.1.1:
  version "9.1.1"
  resolved "https://registry.yarnpkg.com/node-ipc/-/node-ipc-9.1.1.tgz#4e245ed6938e65100e595ebc5dc34b16e8dd5d69"
  integrity sha512-FAyICv0sIRJxVp3GW5fzgaf9jwwRQxAKDJlmNFUL5hOy+W4X/I5AypyHoq0DXXbo9o/gt79gj++4cMr4jVWE/w==
  dependencies:
    event-pubsub "4.3.0"
    js-message "1.0.5"
    js-queue "2.0.0"

rxjs@^6.6.3:
  version "6.6.3"
  resolved "https://registry.yarnpkg.com/rxjs/-/rxjs-6.6.3.tgz#8ca84635c4daa900c0d3967a6ee7ac60271ee552"
  integrity sha512-trsQc+xYYXZ3urjOiJOuCOa5N3jAZ3eiSpQB5hIT8zGlL2QfnHLJ2r7GMkBGuIausdJN1OneaI6gQlsqNHHmZQ==
  dependencies:
    tslib "^1.9.0"

tslib@^1.9.0:
  version "1.13.0"
  resolved "https://registry.yarnpkg.com/tslib/-/tslib-1.13.0.tgz#c881e13cc7015894ed914862d276436fa9a47043"
  integrity sha512-i/6DQjL8Xf3be4K/E6Wgpekn5Qasl1usyw++dAA35Ue5orEn65VIxOA+YvNNl9HV3qv70T7CNwjODHZrLwvd1Q==

ws@^7.3.1:
  version "7.3.1"
  resolved "https://registry.yarnpkg.com/ws/-/ws-7.3.1.tgz#d0547bf67f7ce4f12a72dfe31262c68d7dc551c8"
  integrity sha512-D3RuNkynyHmEJIpD2qrgVkc9DQ23OrN/moAwZX4L8DfvszsJxpjQuUq3LMx6HoYji9fbIOBY18XWBsAux1ZZUA==
